
Microsoft Visual Studio Solution File, Format Version 12.00
# Visual Studio Version 17
VisualStudioVersion = 17.5.33414.496
MinimumVisualStudioVersion = 10.0.40219.1
Project("{9A19103F-16F7-4668-BE54-9A1E7A4F7556}") = "HomeBar", "HomeBar.csproj", "{AA5D7224-A4BA-4B1B-8E24-0D25FAB144AF}"
EndProject
Project("{9A19103F-16F7-4668-BE54-9A1E7A4F7556}") = "HomeBar.Android", "..\HomeBar.Android\HomeBar.Android.csproj", "{A1FA6A8D-96F5-46BA-9B3B-0D23ADFA8208}"
EndProject
Project("{9A19103F-16F7-4668-BE54-9A1E7A4F7556}") = "HomeBar.Desktop", "..\HomeBar.Desktop\HomeBar.Desktop.csproj", "{3CEEF41B-90E6-454A-9FA6-33E3506232A3}"
EndProject
Global
	GlobalSection(SolutionConfigurationPlatforms) = preSolution
		Debug|Any CPU = Debug|Any CPU
		Release|Any CPU = Release|Any CPU
	EndGlobalSection
	GlobalSection(ProjectConfigurationPlatforms) = postSolution
		{AA5D7224-A4BA-4B1B-8E24-0D25FAB144AF}.Debug|Any CPU.ActiveCfg = Debug|Any CPU
		{AA5D7224-A4BA-4B1B-8E24-0D25FAB144AF}.Debug|Any CPU.Build.0 = Debug|Any CPU
		{AA5D7224-A4BA-4B1B-8E24-0D25FAB144AF}.Release|Any CPU.ActiveCfg = Release|Any CPU
		{AA5D7224-A4BA-4B1B-8E24-0D25FAB144AF}.Release|Any CPU.Build.0 = Release|Any CPU
		{A1FA6A8D-96F5-46BA-9B3B-0D23ADFA8208}.Debug|Any CPU.ActiveCfg = Debug|Any CPU
		{A1FA6A8D-96F5-46BA-9B3B-0D23ADFA8208}.Debug|Any CPU.Build.0 = Debug|Any CPU
		{A1FA6A8D-96F5-46BA-9B3B-0D23ADFA8208}.Debug|Any CPU.Deploy.0 = Debug|Any CPU
		{A1FA6A8D-96F5-46BA-9B3B-0D23ADFA8208}.Release|Any CPU.ActiveCfg = Release|Any CPU
		{A1FA6A8D-96F5-46BA-9B3B-0D23ADFA8208}.Release|Any CPU.Build.0 = Release|Any CPU
		{A1FA6A8D-96F5-46BA-9B3B-0D23ADFA8208}.Release|Any CPU.Deploy.0 = Release|Any CPU
		{3CEEF41B-90E6-454A-9FA6-33E3506232A3}.Debug|Any CPU.ActiveCfg = Debug|Any CPU
		{3CEEF41B-90E6-454A-9FA6-33E3506232A3}.Debug|Any CPU.Build.0 = Debug|Any CPU
		{3CEEF41B-90E6-454A-9FA6-33E3506232A3}.Release|Any CPU.ActiveCfg = Release|Any CPU
		{3CEEF41B-90E6-454A-9FA6-33E3506232A3}.Release|Any CPU.Build.0 = Release|Any CPU
	EndGlobalSection
	GlobalSection(SolutionProperties) = preSolution
		HideSolutionNode = FALSE
	EndGlobalSection
	GlobalSection(ExtensibilityGlobals) = postSolution
		SolutionGuid = {EE3CF850-0FDC-4564-B49D-CBF5CF46FA9F}
	EndGlobalSection
EndGlobal
